
Microsoft Visual Studio Solution File, Format Version 12.00
# Visual Studio Version 17
VisualStudioVersion = 17.5.002.0
MinimumVisualStudioVersion = 10.0.40219.1
Project("{9A19103F-16F7-4668-BE54-9A1E7A4F7556}") = "aspnet-core-8-todo-list-api", "aspnet-core-8-todo-list-api.csproj", "{C5E0D2B4-0579-4DB1-88F3-11AAAFE2B0D7}"
EndProject
Global
	GlobalSection(SolutionConfigurationPlatforms) = preSolution
		Debug|Any CPU = Debug|Any CPU
		Release|Any CPU = Release|Any CPU
	EndGlobalSection
	GlobalSection(ProjectConfigurationPlatforms) = postSolution
		{C5E0D2B4-0579-4DB1-88F3-11AAAFE2B0D7}.Debug|Any CPU.ActiveCfg = Debug|Any CPU
		{C5E0D2B4-0579-4DB1-88F3-11AAAFE2B0D7}.Debug|Any CPU.Build.0 = Debug|Any CPU
		{C5E0D2B4-0579-4DB1-88F3-11AAAFE2B0D7}.Release|Any CPU.ActiveCfg = Release|Any CPU
		{C5E0D2B4-0579-4DB1-88F3-11AAAFE2B0D7}.Release|Any CPU.Build.0 = Release|Any CPU
	EndGlobalSection
	GlobalSection(SolutionProperties) = preSolution
		HideSolutionNode = FALSE
	EndGlobalSection
	GlobalSection(ExtensibilityGlobals) = postSolution
		SolutionGuid = {0C8BC087-D646-4CA8-A802-44322C718D3D}
	EndGlobalSection
EndGlobal
